
Microsoft Visual Studio Solution File, Format Version 12.00
# Visual Studio Version 17
VisualStudioVersion = 17.1.32328.378
MinimumVisualStudioVersion = 10.0.40219.1
Project("{FAE04EC0-301F-11D3-BF4B-00C04F79EFBC}") = "Eliot.UELib", "Eliot.UELib.csproj", "{7E45273F-434F-42FA-8269-0E760AEB41E1}"
EndProject
Project("{FAE04EC0-301F-11D3-BF4B-00C04F79EFBC}") = "UELibTest", "..\UELibTest\UELibTest.csproj", "{E640E81F-DC89-4088-AD6E-E3DEABCD2444}"
EndProject
Project("{FAE04EC0-301F-11D3-BF4B-00C04F79EFBC}") = "AssetExtraction", "..\AssetExtraction\AssetExtraction.csproj", "{66DB2C69-6F69-4796-B9C0-D7CD185C0273}"
EndProject
Project("{9A19103F-16F7-4668-BE54-9A1E7A4F7556}") = "RLUPKT.Core", "..\RLUPKT\Core\RLUPKT.Core.csproj", "{E8017DF7-BFAE-41BF-892B-38295C538524}"
EndProject
Global
	GlobalSection(SolutionConfigurationPlatforms) = preSolution
		Debug|Any CPU = Debug|Any CPU
		Debug|x64 = Debug|x64
		Debug|x86 = Debug|x86
		Profile|Any CPU = Profile|Any CPU
		Profile|x64 = Profile|x64
		Profile|x86 = Profile|x86
		Release|Any CPU = Release|Any CPU
		Release|x64 = Release|x64
		Release|x86 = Release|x86
	EndGlobalSection
	GlobalSection(ProjectConfigurationPlatforms) = postSolution
		{7E45273F-434F-42FA-8269-0E760AEB41E1}.Debug|Any CPU.ActiveCfg = Debug|Any CPU
		{7E45273F-434F-42FA-8269-0E760AEB41E1}.Debug|Any CPU.Build.0 = Debug|Any CPU
		{7E45273F-434F-42FA-8269-0E760AEB41E1}.Debug|x64.ActiveCfg = Debug|Any CPU
		{7E45273F-434F-42FA-8269-0E760AEB41E1}.Debug|x64.Build.0 = Debug|Any CPU
		{7E45273F-434F-42FA-8269-0E760AEB41E1}.Debug|x86.ActiveCfg = Debug|Any CPU
		{7E45273F-434F-42FA-8269-0E760AEB41E1}.Debug|x86.Build.0 = Debug|Any CPU
		{7E45273F-434F-42FA-8269-0E760AEB41E1}.Profile|Any CPU.ActiveCfg = Profile|Any CPU
		{7E45273F-434F-42FA-8269-0E760AEB41E1}.Profile|Any CPU.Build.0 = Profile|Any CPU
		{7E45273F-434F-42FA-8269-0E760AEB41E1}.Profile|x64.ActiveCfg = Profile|Any CPU
		{7E45273F-434F-42FA-8269-0E760AEB41E1}.Profile|x64.Build.0 = Profile|Any CPU
		{7E45273F-434F-42FA-8269-0E760AEB41E1}.Profile|x86.ActiveCfg = Profile|Any CPU
		{7E45273F-434F-42FA-8269-0E760AEB41E1}.Profile|x86.Build.0 = Profile|Any CPU
		{7E45273F-434F-42FA-8269-0E760AEB41E1}.Release|Any CPU.ActiveCfg = Release|Any CPU
		{7E45273F-434F-42FA-8269-0E760AEB41E1}.Release|Any CPU.Build.0 = Release|Any CPU
		{7E45273F-434F-42FA-8269-0E760AEB41E1}.Release|x64.ActiveCfg = Release|Any CPU
		{7E45273F-434F-42FA-8269-0E760AEB41E1}.Release|x64.Build.0 = Release|Any CPU
		{7E45273F-434F-42FA-8269-0E760AEB41E1}.Release|x86.ActiveCfg = Release|Any CPU
		{7E45273F-434F-42FA-8269-0E760AEB41E1}.Release|x86.Build.0 = Release|Any CPU
		{E640E81F-DC89-4088-AD6E-E3DEABCD2444}.Debug|Any CPU.ActiveCfg = Debug|Any CPU
		{E640E81F-DC89-4088-AD6E-E3DEABCD2444}.Debug|Any CPU.Build.0 = Debug|Any CPU
		{E640E81F-DC89-4088-AD6E-E3DEABCD2444}.Debug|x64.ActiveCfg = Debug|Any CPU
		{E640E81F-DC89-4088-AD6E-E3DEABCD2444}.Debug|x64.Build.0 = Debug|Any CPU
		{E640E81F-DC89-4088-AD6E-E3DEABCD2444}.Debug|x86.ActiveCfg = Debug|Any CPU
		{E640E81F-DC89-4088-AD6E-E3DEABCD2444}.Debug|x86.Build.0 = Debug|Any CPU
		{E640E81F-DC89-4088-AD6E-E3DEABCD2444}.Profile|Any CPU.ActiveCfg = Profile|Any CPU
		{E640E81F-DC89-4088-AD6E-E3DEABCD2444}.Profile|Any CPU.Build.0 = Profile|Any CPU
		{E640E81F-DC89-4088-AD6E-E3DEABCD2444}.Profile|x64.ActiveCfg = Profile|Any CPU
		{E640E81F-DC89-4088-AD6E-E3DEABCD2444}.Profile|x64.Build.0 = Profile|Any CPU
		{E640E81F-DC89-4088-AD6E-E3DEABCD2444}.Profile|x86.ActiveCfg = Profile|Any CPU
		{E640E81F-DC89-4088-AD6E-E3DEABCD2444}.Profile|x86.Build.0 = Profile|Any CPU
		{E640E81F-DC89-4088-AD6E-E3DEABCD2444}.Release|Any CPU.ActiveCfg = Release|Any CPU
		{E640E81F-DC89-4088-AD6E-E3DEABCD2444}.Release|Any CPU.Build.0 = Release|Any CPU
		{E640E81F-DC89-4088-AD6E-E3DEABCD2444}.Release|x64.ActiveCfg = Release|Any CPU
		{E640E81F-DC89-4088-AD6E-E3DEABCD2444}.Release|x64.Build.0 = Release|Any CPU
		{E640E81F-DC89-4088-AD6E-E3DEABCD2444}.Release|x86.ActiveCfg = Release|Any CPU
		{E640E81F-DC89-4088-AD6E-E3DEABCD2444}.Release|x86.Build.0 = Release|Any CPU
		{66DB2C69-6F69-4796-B9C0-D7CD185C0273}.Debug|Any CPU.ActiveCfg = Debug|Any CPU
		{66DB2C69-6F69-4796-B9C0-D7CD185C0273}.Debug|Any CPU.Build.0 = Debug|Any CPU
		{66DB2C69-6F69-4796-B9C0-D7CD185C0273}.Debug|x64.ActiveCfg = Debug|Any CPU
		{66DB2C69-6F69-4796-B9C0-D7CD185C0273}.Debug|x64.Build.0 = Debug|Any CPU
		{66DB2C69-6F69-4796-B9C0-D7CD185C0273}.Debug|x86.ActiveCfg = Debug|Any CPU
		{66DB2C69-6F69-4796-B9C0-D7CD185C0273}.Debug|x86.Build.0 = Debug|Any CPU
		{66DB2C69-6F69-4796-B9C0-D7CD185C0273}.Profile|Any CPU.ActiveCfg = Profile|Any CPU
		{66DB2C69-6F69-4796-B9C0-D7CD185C0273}.Profile|Any CPU.Build.0 = Profile|Any CPU
		{66DB2C69-6F69-4796-B9C0-D7CD185C0273}.Profile|x64.ActiveCfg = Profile|Any CPU
		{66DB2C69-6F69-4796-B9C0-D7CD185C0273}.Profile|x64.Build.0 = Profile|Any CPU
		{66DB2C69-6F69-4796-B9C0-D7CD185C0273}.Profile|x86.ActiveCfg = Profile|Any CPU
		{66DB2C69-6F69-4796-B9C0-D7CD185C0273}.Profile|x86.Build.0 = Profile|Any CPU
		{66DB2C69-6F69-4796-B9C0-D7CD185C0273}.Release|Any CPU.ActiveCfg = Release|Any CPU
		{66DB2C69-6F69-4796-B9C0-D7CD185C0273}.Release|Any CPU.Build.0 = Release|Any CPU
		{66DB2C69-6F69-4796-B9C0-D7CD185C0273}.Release|x64.ActiveCfg = Release|Any CPU
		{66DB2C69-6F69-4796-B9C0-D7CD185C0273}.Release|x64.Build.0 = Release|Any CPU
		{66DB2C69-6F69-4796-B9C0-D7CD185C0273}.Release|x86.ActiveCfg = Release|Any CPU
		{66DB2C69-6F69-4796-B9C0-D7CD185C0273}.Release|x86.Build.0 = Release|Any CPU
		{E8017DF7-BFAE-41BF-892B-38295C538524}.Debug|Any CPU.ActiveCfg = Debug|Any CPU
		{E8017DF7-BFAE-41BF-892B-38295C538524}.Debug|Any CPU.Build.0 = Debug|Any CPU
		{E8017DF7-BFAE-41BF-892B-38295C538524}.Debug|x64.ActiveCfg = Debug|Any CPU
		{E8017DF7-BFAE-41BF-892B-38295C538524}.Debug|x64.Build.0 = Debug|Any CPU
		{E8017DF7-BFAE-41BF-892B-38295C538524}.Debug|x86.ActiveCfg = Debug|Any CPU
		{E8017DF7-BFAE-41BF-892B-38295C538524}.Debug|x86.Build.0 = Debug|Any CPU
		{E8017DF7-BFAE-41BF-892B-38295C538524}.Profile|Any CPU.ActiveCfg = Release|Any CPU
		{E8017DF7-BFAE-41BF-892B-38295C538524}.Profile|Any CPU.Build.0 = Release|Any CPU
		{E8017DF7-BFAE-41BF-892B-38295C538524}.Profile|x64.ActiveCfg = Release|Any CPU
		{E8017DF7-BFAE-41BF-892B-38295C538524}.Profile|x64.Build.0 = Release|Any CPU
		{E8017DF7-BFAE-41BF-892B-38295C538524}.Profile|x86.ActiveCfg = Release|Any CPU
		{E8017DF7-BFAE-41BF-892B-38295C538524}.Profile|x86.Build.0 = Release|Any CPU
		{E8017DF7-BFAE-41BF-892B-38295C538524}.Release|Any CPU.ActiveCfg = Release|Any CPU
		{E8017DF7-BFAE-41BF-892B-38295C538524}.Release|Any CPU.Build.0 = Release|Any CPU
		{E8017DF7-BFAE-41BF-892B-38295C538524}.Release|x64.ActiveCfg = Release|Any CPU
		{E8017DF7-BFAE-41BF-892B-38295C538524}.Release|x64.Build.0 = Release|Any CPU
		{E8017DF7-BFAE-41BF-892B-38295C538524}.Release|x86.ActiveCfg = Release|Any CPU
		{E8017DF7-BFAE-41BF-892B-38295C538524}.Release|x86.Build.0 = Release|Any CPU
	EndGlobalSection
	GlobalSection(SolutionProperties) = preSolution
		HideSolutionNode = FALSE
	EndGlobalSection
	GlobalSection(ExtensibilityGlobals) = postSolution
		SolutionGuid = {45014EE7-16C2-4A78-BC2B-9EB53EAF0FB6}
	EndGlobalSection
EndGlobal
